
Microsoft Visual Studio Solution File, Format Version 12.00
# Visual Studio Version 16
VisualStudioVersion = 16.0.30711.63
MinimumVisualStudioVersion = 10.0.40219.1
Project("{FAE04EC0-301F-11D3-BF4B-00C04F79EFBC}") = "WeatherForecast", "WeatherForecast\WeatherForecast.csproj", "{0033446B-CC3C-460D-BBE7-074B2AB05F5E}"
EndProject
Global
	GlobalSection(SolutionConfigurationPlatforms) = preSolution
		Debug|Any CPU = Debug|Any CPU
		Release|Any CPU = Release|Any CPU
	EndGlobalSection
	GlobalSection(ProjectConfigurationPlatforms) = postSolution
		{0033446B-CC3C-460D-BBE7-074B2AB05F5E}.Debug|Any CPU.ActiveCfg = Debug|Any CPU
		{0033446B-CC3C-460D-BBE7-074B2AB05F5E}.Debug|Any CPU.Build.0 = Debug|Any CPU
		{0033446B-CC3C-460D-BBE7-074B2AB05F5E}.Release|Any CPU.ActiveCfg = Release|Any CPU
		{0033446B-CC3C-460D-BBE7-074B2AB05F5E}.Release|Any CPU.Build.0 = Release|Any CPU
	EndGlobalSection
	GlobalSection(SolutionProperties) = preSolution
		HideSolutionNode = FALSE
	EndGlobalSection
	GlobalSection(ExtensibilityGlobals) = postSolution
		SolutionGuid = {0F25864F-72EC-4977-BAAF-E71B403A7842}
	EndGlobalSection
EndGlobal
